
Microsoft Visual Studio Solution File, Format Version 12.00
# Visual Studio 15
VisualStudioVersion = 15.0.28307.572
MinimumVisualStudioVersion = 10.0.40219.1
Project("{FAE04EC0-301F-11D3-BF4B-00C04F79EFBC}") = "umbraco-test-website", "umbraco-test-website\umbraco-test-website.csproj", "{30AF35A8-D572-4DCE-9218-A78516853AAA}"
EndProject
Global
	GlobalSection(SolutionConfigurationPlatforms) = preSolution
		Debug|Any CPU = Debug|Any CPU
		Release|Any CPU = Release|Any CPU
	EndGlobalSection
	GlobalSection(ProjectConfigurationPlatforms) = postSolution
		{30AF35A8-D572-4DCE-9218-A78516853AAA}.Debug|Any CPU.ActiveCfg = Debug|Any CPU
		{30AF35A8-D572-4DCE-9218-A78516853AAA}.Debug|Any CPU.Build.0 = Debug|Any CPU
		{30AF35A8-D572-4DCE-9218-A78516853AAA}.Release|Any CPU.ActiveCfg = Release|Any CPU
		{30AF35A8-D572-4DCE-9218-A78516853AAA}.Release|Any CPU.Build.0 = Release|Any CPU
	EndGlobalSection
	GlobalSection(SolutionProperties) = preSolution
		HideSolutionNode = FALSE
	EndGlobalSection
	GlobalSection(ExtensibilityGlobals) = postSolution
		SolutionGuid = {A8E4DF65-3287-49E0-B45F-C3CD02BC8854}
	EndGlobalSection
EndGlobal
